
Microsoft Visual Studio Solution File, Format Version 12.00
# Visual Studio Version 16
VisualStudioVersion = 16.0.30907.101
MinimumVisualStudioVersion = 10.0.40219.1
Project("{8BC9CEB8-8B4A-11D0-8D11-00A0C91BC942}") = "2_Programmieraufgabe", "2_Programmieraufgabe\2_Programmieraufgabe.vcxproj", "{99EFCC32-8FF4-4BCB-9696-D321982C86BA}"
EndProject
Project("{8BC9CEB8-8B4A-11D0-8D11-00A0C91BC942}") = "3_WeitereGrundlagen", "3_WeitereGrundlagen\3_WeitereGrundlagen.vcxproj", "{7E37D703-CBC3-42D5-90C1-C0E9801C76CC}"
EndProject
Project("{8BC9CEB8-8B4A-11D0-8D11-00A0C91BC942}") = "3_Programmieraufgabe", "3_Programmieraufgabe\3_Programmieraufgabe.vcxproj", "{5B9F8138-EA0D-4327-8F6F-635AE6590D19}"
EndProject
Project("{8BC9CEB8-8B4A-11D0-8D11-00A0C91BC942}") = "4_Programmieraufgabe", "4_Programmieraufgabe\4_Programmieraufgabe.vcxproj", "{8D564BD5-517E-419C-BCA7-8B374F1489B9}"
EndProject
Project("{8BC9CEB8-8B4A-11D0-8D11-00A0C91BC942}") = "4_STLVectoren", "4_STLVectoren\4_STLVectoren.vcxproj", "{EF7B7887-B0C7-4BF6-A0E4-FE9E7DA1EE7D}"
EndProject
Project("{8BC9CEB8-8B4A-11D0-8D11-00A0C91BC942}") = "5_Programmieraufgabe", "5_Programmieraufgabe\5_Programmieraufgabe.vcxproj", "{13030C02-2DA3-49F0-871B-D94379095700}"
EndProject
Project("{8BC9CEB8-8B4A-11D0-8D11-00A0C91BC942}") = "5_STLStrings", "5_STLStrings\5_STLStrings.vcxproj", "{2D72464A-69C0-470B-BFFA-D7D0B37E8D93}"
EndProject
Project("{8BC9CEB8-8B4A-11D0-8D11-00A0C91BC942}") = "6_Programmieraufgabe", "6_Programmieraufgabe\6_Programmieraufgabe.vcxproj", "{A387BD14-FE0B-426D-93FC-93EA6B493547}"
EndProject
Project("{8BC9CEB8-8B4A-11D0-8D11-00A0C91BC942}") = "6_STLContainerUndIteratoren", "6_STLContainerUndIteratoren\6_STLContainerUndIteratoren.vcxproj", "{1205B307-56ED-4E20-8EFD-6C86E3B8B6F7}"
EndProject
Project("{8BC9CEB8-8B4A-11D0-8D11-00A0C91BC942}") = "7_Programmieraufgabe", "7_Programmieraufgabe\7_Programmieraufgabe.vcxproj", "{8A85D006-DD62-4557-BC27-E955B51B0982}"
EndProject
Project("{8BC9CEB8-8B4A-11D0-8D11-00A0C91BC942}") = "7_STLAlgorithmen", "7_STLAlgorithmen\7_STLAlgorithmen.vcxproj", "{C17E793B-421D-4F2B-A7AB-D29731657076}"
EndProject
Project("{8BC9CEB8-8B4A-11D0-8D11-00A0C91BC942}") = "8_Objektorientierung", "8_Objektorientierung\8_Objektorientierung.vcxproj", "{C03820DB-3F6D-4226-BCD9-D7C1FDB2B20C}"
EndProject
Project("{8BC9CEB8-8B4A-11D0-8D11-00A0C91BC942}") = "8_Programmieraufgabe", "8_Programmieraufgabe\8_Programmieraufgabe.vcxproj", "{A4ACF7C8-9917-4FA0-84F6-F141AD79D9B6}"
EndProject
Project("{8BC9CEB8-8B4A-11D0-8D11-00A0C91BC942}") = "9_Programmieraufgabe", "9_Programmieraufgabe\9_Programmieraufgabe.vcxproj", "{267739E5-0DC1-400A-B000-FB5D2F8722F0}"
EndProject
Project("{8BC9CEB8-8B4A-11D0-8D11-00A0C91BC942}") = "9_TemplatesUndOperatoren", "9_TemplatesUndOperatoren\9_TemplatesUndOperatoren.vcxproj", "{6B252BA4-6ED9-43FA-B12D-3E760895231D}"
EndProject
Project("{8BC9CEB8-8B4A-11D0-8D11-00A0C91BC942}") = "10_LambdaFunktionen", "10_LambdaFunktionen\10_LambdaFunktionen.vcxproj", "{648CFE65-CAAE-4CBE-963E-109DD9BAAF35}"
EndProject
Project("{8BC9CEB8-8B4A-11D0-8D11-00A0C91BC942}") = "10_Programmieraufgabe", "10_Programmieraufgabe\10_Programmieraufgabe.vcxproj", "{2C6666AB-D067-4BE4-9AAE-C0B4E6B296ED}"
EndProject
Project("{8BC9CEB8-8B4A-11D0-8D11-00A0C91BC942}") = "11_MoveAndCopy", "11_MoveAndCopy\11_MoveAndCopy.vcxproj", "{E19D3F31-644C-400A-9DA4-500953F7C2DB}"
EndProject
Project("{8BC9CEB8-8B4A-11D0-8D11-00A0C91BC942}") = "11_Programmieraufgabe", "11_Programmieraufgabe\11_Programmieraufgabe.vcxproj", "{593E0DAF-336E-4199-B5C3-B648C57F7DE7}"
EndProject
Project("{8BC9CEB8-8B4A-11D0-8D11-00A0C91BC942}") = "12_SmartPointer", "12_SmartPointer\12_SmartPointer.vcxproj", "{059AB51F-FDFC-424F-B155-44C71874102D}"
EndProject
Project("{8BC9CEB8-8B4A-11D0-8D11-00A0C91BC942}") = "13_ThreadsExceptions", "13_ThreadsExceptions\13_ThreadsExceptions.vcxproj", "{5D069CB3-EBC0-43B7-AEC5-4AA7CCAFD473}"
EndProject
Project("{8BC9CEB8-8B4A-11D0-8D11-00A0C91BC942}") = "14_AdvancedCppFeatures", "14_AdvancedCppFeatures\14_AdvancedCppFeatures.vcxproj", "{DD4693A5-80C2-487C-9008-EB7CD7A88145}"
EndProject
Project("{8BC9CEB8-8B4A-11D0-8D11-00A0C91BC942}") = "Computerspiel1", "Computerspiel1\Computerspiel1.vcxproj", "{086BCADE-90E2-48BD-8B12-57D3C6A824E8}"
EndProject
Project("{8BC9CEB8-8B4A-11D0-8D11-00A0C91BC942}") = "Computerspiel2", "Computerspiel2\Computerspiel2.vcxproj", "{B0F5D549-1DAD-4898-B51D-3DF635AF4335}"
EndProject
Project("{8BC9CEB8-8B4A-11D0-8D11-00A0C91BC942}") = "Computerspiel3", "Computerspiel3\Computerspiel3.vcxproj", "{907A25A2-2373-4685-B551-76DAB8EAAB21}"
EndProject
Project("{8BC9CEB8-8B4A-11D0-8D11-00A0C91BC942}") = "Computerspiel4", "Computerspiel4\Computerspiel4.vcxproj", "{DE848273-DD9A-4563-9EC4-16403851B33D}"
EndProject
Project("{8BC9CEB8-8B4A-11D0-8D11-00A0C91BC942}") = "Computerspiel5", "Computerspiel5\Computerspiel5.vcxproj", "{CDF37BA2-CDCF-4D61-A9F8-DE8344F455C4}"
EndProject
Project("{8BC9CEB8-8B4A-11D0-8D11-00A0C91BC942}") = "Programmierprojekt1", "Programmierprojekt1\Programmierprojekt1.vcxproj", "{C8D6C635-4C43-4767-AE0E-74310C3C2FFA}"
EndProject
Project("{8BC9CEB8-8B4A-11D0-8D11-00A0C91BC942}") = "Programmierprojekt2", "Programmierprojekt2\Programmierprojekt2.vcxproj", "{84B09243-B9B8-41CF-949E-7F519CC817DD}"
EndProject
Project("{8BC9CEB8-8B4A-11D0-8D11-00A0C91BC942}") = "Programmierprojekt3", "Programmierprojekt3\Programmierprojekt3.vcxproj", "{ADB63050-0D45-4FFD-BF92-74C0F009D010}"
EndProject
Project("{8BC9CEB8-8B4A-11D0-8D11-00A0C91BC942}") = "Programmierprojekt4", "Programmierprojekt4\Programmierprojekt4.vcxproj", "{075946BB-00F3-4BDE-BCF2-9B9A5803D085}"
EndProject
Project("{8BC9CEB8-8B4A-11D0-8D11-00A0C91BC942}") = "ZusatzaufgabeStrings", "ZusatzaufgabeStrings\ZusatzaufgabeStrings.vcxproj", "{9394D54A-793E-4F6F-887D-4CA71623891C}"
EndProject
Project("{8BC9CEB8-8B4A-11D0-8D11-00A0C91BC942}") = "1_CppGrundlagen", "1_CppGrundlagen\1_CppGrundlagen.vcxproj", "{9D7711A0-53AD-40EA-A390-845715DDE024}"
EndProject
Project("{8BC9CEB8-8B4A-11D0-8D11-00A0C91BC942}") = "1_Programmieraufgabe", "1_Programmieraufgabe\1_Programmieraufgabe.vcxproj", "{EEACF823-7E7F-4D11-9421-61A600EDD89B}"
EndProject
Project("{8BC9CEB8-8B4A-11D0-8D11-00A0C91BC942}") = "2_ArrayGrundlagen", "2_ArrayGrundlagen\2_ArrayGrundlagen.vcxproj", "{BCEB677D-6A4C-495D-9F13-FB58E31A5CC1}"
EndProject
Project("{8BC9CEB8-8B4A-11D0-8D11-00A0C91BC942}") = "12_Programmieraufgabe", "12_Programmieraufgabe\12_Programmieraufgabe.vcxproj", "{61EB00CF-CA4B-4460-BB88-A50C6027FC8B}"
EndProject
Global
	GlobalSection(SolutionConfigurationPlatforms) = preSolution
		Debug|x64 = Debug|x64
		Debug|x86 = Debug|x86
		Release|x64 = Release|x64
		Release|x86 = Release|x86
	EndGlobalSection
	GlobalSection(ProjectConfigurationPlatforms) = postSolution
		{99EFCC32-8FF4-4BCB-9696-D321982C86BA}.Debug|x64.ActiveCfg = Debug|x64
		{99EFCC32-8FF4-4BCB-9696-D321982C86BA}.Debug|x64.Build.0 = Debug|x64
		{99EFCC32-8FF4-4BCB-9696-D321982C86BA}.Debug|x86.ActiveCfg = Debug|Win32
		{99EFCC32-8FF4-4BCB-9696-D321982C86BA}.Debug|x86.Build.0 = Debug|Win32
		{99EFCC32-8FF4-4BCB-9696-D321982C86BA}.Release|x64.ActiveCfg = Release|x64
		{99EFCC32-8FF4-4BCB-9696-D321982C86BA}.Release|x64.Build.0 = Release|x64
		{99EFCC32-8FF4-4BCB-9696-D321982C86BA}.Release|x86.ActiveCfg = Release|Win32
		{99EFCC32-8FF4-4BCB-9696-D321982C86BA}.Release|x86.Build.0 = Release|Win32
		{7E37D703-CBC3-42D5-90C1-C0E9801C76CC}.Debug|x64.ActiveCfg = Debug|x64
		{7E37D703-CBC3-42D5-90C1-C0E9801C76CC}.Debug|x64.Build.0 = Debug|x64
		{7E37D703-CBC3-42D5-90C1-C0E9801C76CC}.Debug|x86.ActiveCfg = Debug|Win32
		{7E37D703-CBC3-42D5-90C1-C0E9801C76CC}.Debug|x86.Build.0 = Debug|Win32
		{7E37D703-CBC3-42D5-90C1-C0E9801C76CC}.Release|x64.ActiveCfg = Release|x64
		{7E37D703-CBC3-42D5-90C1-C0E9801C76CC}.Release|x64.Build.0 = Release|x64
		{7E37D703-CBC3-42D5-90C1-C0E9801C76CC}.Release|x86.ActiveCfg = Release|Win32
		{7E37D703-CBC3-42D5-90C1-C0E9801C76CC}.Release|x86.Build.0 = Release|Win32
		{5B9F8138-EA0D-4327-8F6F-635AE6590D19}.Debug|x64.ActiveCfg = Debug|x64
		{5B9F8138-EA0D-4327-8F6F-635AE6590D19}.Debug|x64.Build.0 = Debug|x64
		{5B9F8138-EA0D-4327-8F6F-635AE6590D19}.Debug|x86.ActiveCfg = Debug|Win32
		{5B9F8138-EA0D-4327-8F6F-635AE6590D19}.Debug|x86.Build.0 = Debug|Win32
		{5B9F8138-EA0D-4327-8F6F-635AE6590D19}.Release|x64.ActiveCfg = Release|x64
		{5B9F8138-EA0D-4327-8F6F-635AE6590D19}.Release|x64.Build.0 = Release|x64
		{5B9F8138-EA0D-4327-8F6F-635AE6590D19}.Release|x86.ActiveCfg = Release|Win32
		{5B9F8138-EA0D-4327-8F6F-635AE6590D19}.Release|x86.Build.0 = Release|Win32
		{8D564BD5-517E-419C-BCA7-8B374F1489B9}.Debug|x64.ActiveCfg = Debug|x64
		{8D564BD5-517E-419C-BCA7-8B374F1489B9}.Debug|x64.Build.0 = Debug|x64
		{8D564BD5-517E-419C-BCA7-8B374F1489B9}.Debug|x86.ActiveCfg = Debug|Win32
		{8D564BD5-517E-419C-BCA7-8B374F1489B9}.Debug|x86.Build.0 = Debug|Win32
		{8D564BD5-517E-419C-BCA7-8B374F1489B9}.Release|x64.ActiveCfg = Release|x64
		{8D564BD5-517E-419C-BCA7-8B374F1489B9}.Release|x64.Build.0 = Release|x64
		{8D564BD5-517E-419C-BCA7-8B374F1489B9}.Release|x86.ActiveCfg = Release|Win32
		{8D564BD5-517E-419C-BCA7-8B374F1489B9}.Release|x86.Build.0 = Release|Win32
		{EF7B7887-B0C7-4BF6-A0E4-FE9E7DA1EE7D}.Debug|x64.ActiveCfg = Debug|x64
		{EF7B7887-B0C7-4BF6-A0E4-FE9E7DA1EE7D}.Debug|x64.Build.0 = Debug|x64
		{EF7B7887-B0C7-4BF6-A0E4-FE9E7DA1EE7D}.Debug|x86.ActiveCfg = Debug|Win32
		{EF7B7887-B0C7-4BF6-A0E4-FE9E7DA1EE7D}.Debug|x86.Build.0 = Debug|Win32
		{EF7B7887-B0C7-4BF6-A0E4-FE9E7DA1EE7D}.Release|x64.ActiveCfg = Release|x64
		{EF7B7887-B0C7-4BF6-A0E4-FE9E7DA1EE7D}.Release|x64.Build.0 = Release|x64
		{EF7B7887-B0C7-4BF6-A0E4-FE9E7DA1EE7D}.Release|x86.ActiveCfg = Release|Win32
		{EF7B7887-B0C7-4BF6-A0E4-FE9E7DA1EE7D}.Release|x86.Build.0 = Release|Win32
		{13030C02-2DA3-49F0-871B-D94379095700}.Debug|x64.ActiveCfg = Debug|x64
		{13030C02-2DA3-49F0-871B-D94379095700}.Debug|x64.Build.0 = Debug|x64
		{13030C02-2DA3-49F0-871B-D94379095700}.Debug|x86.ActiveCfg = Debug|Win32
		{13030C02-2DA3-49F0-871B-D94379095700}.Debug|x86.Build.0 = Debug|Win32
		{13030C02-2DA3-49F0-871B-D94379095700}.Release|x64.ActiveCfg = Release|x64
		{13030C02-2DA3-49F0-871B-D94379095700}.Release|x64.Build.0 = Release|x64
		{13030C02-2DA3-49F0-871B-D94379095700}.Release|x86.ActiveCfg = Release|Win32
		{13030C02-2DA3-49F0-871B-D94379095700}.Release|x86.Build.0 = Release|Win32
		{2D72464A-69C0-470B-BFFA-D7D0B37E8D93}.Debug|x64.ActiveCfg = Debug|x64
		{2D72464A-69C0-470B-BFFA-D7D0B37E8D93}.Debug|x64.Build.0 = Debug|x64
		{2D72464A-69C0-470B-BFFA-D7D0B37E8D93}.Debug|x86.ActiveCfg = Debug|Win32
		{2D72464A-69C0-470B-BFFA-D7D0B37E8D93}.Debug|x86.Build.0 = Debug|Win32
		{2D72464A-69C0-470B-BFFA-D7D0B37E8D93}.Release|x64.ActiveCfg = Release|x64
		{2D72464A-69C0-470B-BFFA-D7D0B37E8D93}.Release|x64.Build.0 = Release|x64
		{2D72464A-69C0-470B-BFFA-D7D0B37E8D93}.Release|x86.ActiveCfg = Release|Win32
		{2D72464A-69C0-470B-BFFA-D7D0B37E8D93}.Release|x86.Build.0 = Release|Win32
		{A387BD14-FE0B-426D-93FC-93EA6B493547}.Debug|x64.ActiveCfg = Debug|x64
		{A387BD14-FE0B-426D-93FC-93EA6B493547}.Debug|x64.Build.0 = Debug|x64
		{A387BD14-FE0B-426D-93FC-93EA6B493547}.Debug|x86.ActiveCfg = Debug|Win32
		{A387BD14-FE0B-426D-93FC-93EA6B493547}.Debug|x86.Build.0 = Debug|Win32
		{A387BD14-FE0B-426D-93FC-93EA6B493547}.Release|x64.ActiveCfg = Release|x64
		{A387BD14-FE0B-426D-93FC-93EA6B493547}.Release|x64.Build.0 = Release|x64
		{A387BD14-FE0B-426D-93FC-93EA6B493547}.Release|x86.ActiveCfg = Release|Win32
		{A387BD14-FE0B-426D-93FC-93EA6B493547}.Release|x86.Build.0 = Release|Win32
		{1205B307-56ED-4E20-8EFD-6C86E3B8B6F7}.Debug|x64.ActiveCfg = Debug|x64
		{1205B307-56ED-4E20-8EFD-6C86E3B8B6F7}.Debug|x64.Build.0 = Debug|x64
		{1205B307-56ED-4E20-8EFD-6C86E3B8B6F7}.Debug|x86.ActiveCfg = Debug|Win32
		{1205B307-56ED-4E20-8EFD-6C86E3B8B6F7}.Debug|x86.Build.0 = Debug|Win32
		{1205B307-56ED-4E20-8EFD-6C86E3B8B6F7}.Release|x64.ActiveCfg = Release|x64
		{1205B307-56ED-4E20-8EFD-6C86E3B8B6F7}.Release|x64.Build.0 = Release|x64
		{1205B307-56ED-4E20-8EFD-6C86E3B8B6F7}.Release|x86.ActiveCfg = Release|Win32
		{1205B307-56ED-4E20-8EFD-6C86E3B8B6F7}.Release|x86.Build.0 = Release|Win32
		{8A85D006-DD62-4557-BC27-E955B51B0982}.Debug|x64.ActiveCfg = Debug|x64
		{8A85D006-DD62-4557-BC27-E955B51B0982}.Debug|x64.Build.0 = Debug|x64
		{8A85D006-DD62-4557-BC27-E955B51B0982}.Debug|x86.ActiveCfg = Debug|Win32
		{8A85D006-DD62-4557-BC27-E955B51B0982}.Debug|x86.Build.0 = Debug|Win32
		{8A85D006-DD62-4557-BC27-E955B51B0982}.Release|x64.ActiveCfg = Release|x64
		{8A85D006-DD62-4557-BC27-E955B51B0982}.Release|x64.Build.0 = Release|x64
		{8A85D006-DD62-4557-BC27-E955B51B0982}.Release|x86.ActiveCfg = Release|Win32
		{8A85D006-DD62-4557-BC27-E955B51B0982}.Release|x86.Build.0 = Release|Win32
		{C17E793B-421D-4F2B-A7AB-D29731657076}.Debug|x64.ActiveCfg = Debug|x64
		{C17E793B-421D-4F2B-A7AB-D29731657076}.Debug|x64.Build.0 = Debug|x64
		{C17E793B-421D-4F2B-A7AB-D29731657076}.Debug|x86.ActiveCfg = Debug|Win32
		{C17E793B-421D-4F2B-A7AB-D29731657076}.Debug|x86.Build.0 = Debug|Win32
		{C17E793B-421D-4F2B-A7AB-D29731657076}.Release|x64.ActiveCfg = Release|x64
		{C17E793B-421D-4F2B-A7AB-D29731657076}.Release|x64.Build.0 = Release|x64
		{C17E793B-421D-4F2B-A7AB-D29731657076}.Release|x86.ActiveCfg = Release|Win32
		{C17E793B-421D-4F2B-A7AB-D29731657076}.Release|x86.Build.0 = Release|Win32
		{C03820DB-3F6D-4226-BCD9-D7C1FDB2B20C}.Debug|x64.ActiveCfg = Debug|x64
		{C03820DB-3F6D-4226-BCD9-D7C1FDB2B20C}.Debug|x64.Build.0 = Debug|x64
		{C03820DB-3F6D-4226-BCD9-D7C1FDB2B20C}.Debug|x86.ActiveCfg = Debug|Win32
		{C03820DB-3F6D-4226-BCD9-D7C1FDB2B20C}.Debug|x86.Build.0 = Debug|Win32
		{C03820DB-3F6D-4226-BCD9-D7C1FDB2B20C}.Release|x64.ActiveCfg = Release|x64
		{C03820DB-3F6D-4226-BCD9-D7C1FDB2B20C}.Release|x64.Build.0 = Release|x64
		{C03820DB-3F6D-4226-BCD9-D7C1FDB2B20C}.Release|x86.ActiveCfg = Release|Win32
		{C03820DB-3F6D-4226-BCD9-D7C1FDB2B20C}.Release|x86.Build.0 = Release|Win32
		{A4ACF7C8-9917-4FA0-84F6-F141AD79D9B6}.Debug|x64.ActiveCfg = Debug|x64
		{A4ACF7C8-9917-4FA0-84F6-F141AD79D9B6}.Debug|x64.Build.0 = Debug|x64
		{A4ACF7C8-9917-4FA0-84F6-F141AD79D9B6}.Debug|x86.ActiveCfg = Debug|Win32
		{A4ACF7C8-9917-4FA0-84F6-F141AD79D9B6}.Debug|x86.Build.0 = Debug|Win32
		{A4ACF7C8-9917-4FA0-84F6-F141AD79D9B6}.Release|x64.ActiveCfg = Release|x64
		{A4ACF7C8-9917-4FA0-84F6-F141AD79D9B6}.Release|x64.Build.0 = Release|x64
		{A4ACF7C8-9917-4FA0-84F6-F141AD79D9B6}.Release|x86.ActiveCfg = Release|Win32
		{A4ACF7C8-9917-4FA0-84F6-F141AD79D9B6}.Release|x86.Build.0 = Release|Win32
		{267739E5-0DC1-400A-B000-FB5D2F8722F0}.Debug|x64.ActiveCfg = Debug|x64
		{267739E5-0DC1-400A-B000-FB5D2F8722F0}.Debug|x64.Build.0 = Debug|x64
		{267739E5-0DC1-400A-B000-FB5D2F8722F0}.Debug|x86.ActiveCfg = Debug|Win32
		{267739E5-0DC1-400A-B000-FB5D2F8722F0}.Debug|x86.Build.0 = Debug|Win32
		{267739E5-0DC1-400A-B000-FB5D2F8722F0}.Release|x64.ActiveCfg = Release|x64
		{267739E5-0DC1-400A-B000-FB5D2F8722F0}.Release|x64.Build.0 = Release|x64
		{267739E5-0DC1-400A-B000-FB5D2F8722F0}.Release|x86.ActiveCfg = Release|Win32
		{267739E5-0DC1-400A-B000-FB5D2F8722F0}.Release|x86.Build.0 = Release|Win32
		{6B252BA4-6ED9-43FA-B12D-3E760895231D}.Debug|x64.ActiveCfg = Debug|x64
		{6B252BA4-6ED9-43FA-B12D-3E760895231D}.Debug|x64.Build.0 = Debug|x64
		{6B252BA4-6ED9-43FA-B12D-3E760895231D}.Debug|x86.ActiveCfg = Debug|Win32
		{6B252BA4-6ED9-43FA-B12D-3E760895231D}.Debug|x86.Build.0 = Debug|Win32
		{6B252BA4-6ED9-43FA-B12D-3E760895231D}.Release|x64.ActiveCfg = Release|x64
		{6B252BA4-6ED9-43FA-B12D-3E760895231D}.Release|x64.Build.0 = Release|x64
		{6B252BA4-6ED9-43FA-B12D-3E760895231D}.Release|x86.ActiveCfg = Release|Win32
		{6B252BA4-6ED9-43FA-B12D-3E760895231D}.Release|x86.Build.0 = Release|Win32
		{648CFE65-CAAE-4CBE-963E-109DD9BAAF35}.Debug|x64.ActiveCfg = Debug|x64
		{648CFE65-CAAE-4CBE-963E-109DD9BAAF35}.Debug|x64.Build.0 = Debug|x64
		{648CFE65-CAAE-4CBE-963E-109DD9BAAF35}.Debug|x86.ActiveCfg = Debug|Win32
		{648CFE65-CAAE-4CBE-963E-109DD9BAAF35}.Debug|x86.Build.0 = Debug|Win32
		{648CFE65-CAAE-4CBE-963E-109DD9BAAF35}.Release|x64.ActiveCfg = Release|x64
		{648CFE65-CAAE-4CBE-963E-109DD9BAAF35}.Release|x64.Build.0 = Release|x64
		{648CFE65-CAAE-4CBE-963E-109DD9BAAF35}.Release|x86.ActiveCfg = Release|Win32
		{648CFE65-CAAE-4CBE-963E-109DD9BAAF35}.Release|x86.Build.0 = Release|Win32
		{2C6666AB-D067-4BE4-9AAE-C0B4E6B296ED}.Debug|x64.ActiveCfg = Debug|x64
		{2C6666AB-D067-4BE4-9AAE-C0B4E6B296ED}.Debug|x64.Build.0 = Debug|x64
		{2C6666AB-D067-4BE4-9AAE-C0B4E6B296ED}.Debug|x86.ActiveCfg = Debug|Win32
		{2C6666AB-D067-4BE4-9AAE-C0B4E6B296ED}.Debug|x86.Build.0 = Debug|Win32
		{2C6666AB-D067-4BE4-9AAE-C0B4E6B296ED}.Release|x64.ActiveCfg = Release|x64
		{2C6666AB-D067-4BE4-9AAE-C0B4E6B296ED}.Release|x64.Build.0 = Release|x64
		{2C6666AB-D067-4BE4-9AAE-C0B4E6B296ED}.Release|x86.ActiveCfg = Release|Win32
		{2C6666AB-D067-4BE4-9AAE-C0B4E6B296ED}.Release|x86.Build.0 = Release|Win32
		{E19D3F31-644C-400A-9DA4-500953F7C2DB}.Debug|x64.ActiveCfg = Debug|x64
		{E19D3F31-644C-400A-9DA4-500953F7C2DB}.Debug|x64.Build.0 = Debug|x64
		{E19D3F31-644C-400A-9DA4-500953F7C2DB}.Debug|x86.ActiveCfg = Debug|Win32
		{E19D3F31-644C-400A-9DA4-500953F7C2DB}.Debug|x86.Build.0 = Debug|Win32
		{E19D3F31-644C-400A-9DA4-500953F7C2DB}.Release|x64.ActiveCfg = Release|x64
		{E19D3F31-644C-400A-9DA4-500953F7C2DB}.Release|x64.Build.0 = Release|x64
		{E19D3F31-644C-400A-9DA4-500953F7C2DB}.Release|x86.ActiveCfg = Release|Win32
		{E19D3F31-644C-400A-9DA4-500953F7C2DB}.Release|x86.Build.0 = Release|Win32
		{593E0DAF-336E-4199-B5C3-B648C57F7DE7}.Debug|x64.ActiveCfg = Debug|x64
		{593E0DAF-336E-4199-B5C3-B648C57F7DE7}.Debug|x64.Build.0 = Debug|x64
		{593E0DAF-336E-4199-B5C3-B648C57F7DE7}.Debug|x86.ActiveCfg = Debug|Win32
		{593E0DAF-336E-4199-B5C3-B648C57F7DE7}.Debug|x86.Build.0 = Debug|Win32
		{593E0DAF-336E-4199-B5C3-B648C57F7DE7}.Release|x64.ActiveCfg = Release|x64
		{593E0DAF-336E-4199-B5C3-B648C57F7DE7}.Release|x64.Build.0 = Release|x64
		{593E0DAF-336E-4199-B5C3-B648C57F7DE7}.Release|x86.ActiveCfg = Release|Win32
		{593E0DAF-336E-4199-B5C3-B648C57F7DE7}.Release|x86.Build.0 = Release|Win32
		{059AB51F-FDFC-424F-B155-44C71874102D}.Debug|x64.ActiveCfg = Debug|x64
		{059AB51F-FDFC-424F-B155-44C71874102D}.Debug|x64.Build.0 = Debug|x64
		{059AB51F-FDFC-424F-B155-44C71874102D}.Debug|x86.ActiveCfg = Debug|Win32
		{059AB51F-FDFC-424F-B155-44C71874102D}.Debug|x86.Build.0 = Debug|Win32
		{059AB51F-FDFC-424F-B155-44C71874102D}.Release|x64.ActiveCfg = Release|x64
		{059AB51F-FDFC-424F-B155-44C71874102D}.Release|x64.Build.0 = Release|x64
		{059AB51F-FDFC-424F-B155-44C71874102D}.Release|x86.ActiveCfg = Release|Win32
		{059AB51F-FDFC-424F-B155-44C71874102D}.Release|x86.Build.0 = Release|Win32
		{5D069CB3-EBC0-43B7-AEC5-4AA7CCAFD473}.Debug|x64.ActiveCfg = Debug|x64
		{5D069CB3-EBC0-43B7-AEC5-4AA7CCAFD473}.Debug|x64.Build.0 = Debug|x64
		{5D069CB3-EBC0-43B7-AEC5-4AA7CCAFD473}.Debug|x86.ActiveCfg = Debug|Win32
		{5D069CB3-EBC0-43B7-AEC5-4AA7CCAFD473}.Debug|x86.Build.0 = Debug|Win32
		{5D069CB3-EBC0-43B7-AEC5-4AA7CCAFD473}.Release|x64.ActiveCfg = Release|x64
		{5D069CB3-EBC0-43B7-AEC5-4AA7CCAFD473}.Release|x64.Build.0 = Release|x64
		{5D069CB3-EBC0-43B7-AEC5-4AA7CCAFD473}.Release|x86.ActiveCfg = Release|Win32
		{5D069CB3-EBC0-43B7-AEC5-4AA7CCAFD473}.Release|x86.Build.0 = Release|Win32
		{DD4693A5-80C2-487C-9008-EB7CD7A88145}.Debug|x64.ActiveCfg = Debug|x64
		{DD4693A5-80C2-487C-9008-EB7CD7A88145}.Debug|x64.Build.0 = Debug|x64
		{DD4693A5-80C2-487C-9008-EB7CD7A88145}.Debug|x86.ActiveCfg = Debug|Win32
		{DD4693A5-80C2-487C-9008-EB7CD7A88145}.Debug|x86.Build.0 = Debug|Win32
		{DD4693A5-80C2-487C-9008-EB7CD7A88145}.Release|x64.ActiveCfg = Release|x64
		{DD4693A5-80C2-487C-9008-EB7CD7A88145}.Release|x64.Build.0 = Release|x64
		{DD4693A5-80C2-487C-9008-EB7CD7A88145}.Release|x86.ActiveCfg = Release|Win32
		{DD4693A5-80C2-487C-9008-EB7CD7A88145}.Release|x86.Build.0 = Release|Win32
		{086BCADE-90E2-48BD-8B12-57D3C6A824E8}.Debug|x64.ActiveCfg = Debug|x64
		{086BCADE-90E2-48BD-8B12-57D3C6A824E8}.Debug|x64.Build.0 = Debug|x64
		{086BCADE-90E2-48BD-8B12-57D3C6A824E8}.Debug|x86.ActiveCfg = Debug|Win32
		{086BCADE-90E2-48BD-8B12-57D3C6A824E8}.Debug|x86.Build.0 = Debug|Win32
		{086BCADE-90E2-48BD-8B12-57D3C6A824E8}.Release|x64.ActiveCfg = Release|x64
		{086BCADE-90E2-48BD-8B12-57D3C6A824E8}.Release|x64.Build.0 = Release|x64
		{086BCADE-90E2-48BD-8B12-57D3C6A824E8}.Release|x86.ActiveCfg = Release|Win32
		{086BCADE-90E2-48BD-8B12-57D3C6A824E8}.Release|x86.Build.0 = Release|Win32
		{B0F5D549-1DAD-4898-B51D-3DF635AF4335}.Debug|x64.ActiveCfg = Debug|x64
		{B0F5D549-1DAD-4898-B51D-3DF635AF4335}.Debug|x64.Build.0 = Debug|x64
		{B0F5D549-1DAD-4898-B51D-3DF635AF4335}.Debug|x86.ActiveCfg = Debug|Win32
		{B0F5D549-1DAD-4898-B51D-3DF635AF4335}.Debug|x86.Build.0 = Debug|Win32
		{B0F5D549-1DAD-4898-B51D-3DF635AF4335}.Release|x64.ActiveCfg = Release|x64
		{B0F5D549-1DAD-4898-B51D-3DF635AF4335}.Release|x64.Build.0 = Release|x64
		{B0F5D549-1DAD-4898-B51D-3DF635AF4335}.Release|x86.ActiveCfg = Release|Win32
		{B0F5D549-1DAD-4898-B51D-3DF635AF4335}.Release|x86.Build.0 = Release|Win32
		{907A25A2-2373-4685-B551-76DAB8EAAB21}.Debug|x64.ActiveCfg = Debug|x64
		{907A25A2-2373-4685-B551-76DAB8EAAB21}.Debug|x64.Build.0 = Debug|x64
		{907A25A2-2373-4685-B551-76DAB8EAAB21}.Debug|x86.ActiveCfg = Debug|Win32
		{907A25A2-2373-4685-B551-76DAB8EAAB21}.Debug|x86.Build.0 = Debug|Win32
		{907A25A2-2373-4685-B551-76DAB8EAAB21}.Release|x64.ActiveCfg = Release|x64
		{907A25A2-2373-4685-B551-76DAB8EAAB21}.Release|x64.Build.0 = Release|x64
		{907A25A2-2373-4685-B551-76DAB8EAAB21}.Release|x86.ActiveCfg = Release|Win32
		{907A25A2-2373-4685-B551-76DAB8EAAB21}.Release|x86.Build.0 = Release|Win32
		{DE848273-DD9A-4563-9EC4-16403851B33D}.Debug|x64.ActiveCfg = Debug|x64
		{DE848273-DD9A-4563-9EC4-16403851B33D}.Debug|x64.Build.0 = Debug|x64
		{DE848273-DD9A-4563-9EC4-16403851B33D}.Debug|x86.ActiveCfg = Debug|Win32
		{DE848273-DD9A-4563-9EC4-16403851B33D}.Debug|x86.Build.0 = Debug|Win32
		{DE848273-DD9A-4563-9EC4-16403851B33D}.Release|x64.ActiveCfg = Release|x64
		{DE848273-DD9A-4563-9EC4-16403851B33D}.Release|x64.Build.0 = Release|x64
		{DE848273-DD9A-4563-9EC4-16403851B33D}.Release|x86.ActiveCfg = Release|Win32
		{DE848273-DD9A-4563-9EC4-16403851B33D}.Release|x86.Build.0 = Release|Win32
		{CDF37BA2-CDCF-4D61-A9F8-DE8344F455C4}.Debug|x64.ActiveCfg = Debug|x64
		{CDF37BA2-CDCF-4D61-A9F8-DE8344F455C4}.Debug|x64.Build.0 = Debug|x64
		{CDF37BA2-CDCF-4D61-A9F8-DE8344F455C4}.Debug|x86.ActiveCfg = Debug|Win32
		{CDF37BA2-CDCF-4D61-A9F8-DE8344F455C4}.Debug|x86.Build.0 = Debug|Win32
		{CDF37BA2-CDCF-4D61-A9F8-DE8344F455C4}.Release|x64.ActiveCfg = Release|x64
		{CDF37BA2-CDCF-4D61-A9F8-DE8344F455C4}.Release|x64.Build.0 = Release|x64
		{CDF37BA2-CDCF-4D61-A9F8-DE8344F455C4}.Release|x86.ActiveCfg = Release|Win32
		{CDF37BA2-CDCF-4D61-A9F8-DE8344F455C4}.Release|x86.Build.0 = Release|Win32
		{C8D6C635-4C43-4767-AE0E-74310C3C2FFA}.Debug|x64.ActiveCfg = Debug|x64
		{C8D6C635-4C43-4767-AE0E-74310C3C2FFA}.Debug|x64.Build.0 = Debug|x64
		{C8D6C635-4C43-4767-AE0E-74310C3C2FFA}.Debug|x86.ActiveCfg = Debug|Win32
		{C8D6C635-4C43-4767-AE0E-74310C3C2FFA}.Debug|x86.Build.0 = Debug|Win32
		{C8D6C635-4C43-4767-AE0E-74310C3C2FFA}.Release|x64.ActiveCfg = Release|x64
		{C8D6C635-4C43-4767-AE0E-74310C3C2FFA}.Release|x64.Build.0 = Release|x64
		{C8D6C635-4C43-4767-AE0E-74310C3C2FFA}.Release|x86.ActiveCfg = Release|Win32
		{C8D6C635-4C43-4767-AE0E-74310C3C2FFA}.Release|x86.Build.0 = Release|Win32
		{84B09243-B9B8-41CF-949E-7F519CC817DD}.Debug|x64.ActiveCfg = Debug|x64
		{84B09243-B9B8-41CF-949E-7F519CC817DD}.Debug|x64.Build.0 = Debug|x64
		{84B09243-B9B8-41CF-949E-7F519CC817DD}.Debug|x86.ActiveCfg = Debug|Win32
		{84B09243-B9B8-41CF-949E-7F519CC817DD}.Debug|x86.Build.0 = Debug|Win32
		{84B09243-B9B8-41CF-949E-7F519CC817DD}.Release|x64.ActiveCfg = Release|x64
		{84B09243-B9B8-41CF-949E-7F519CC817DD}.Release|x64.Build.0 = Release|x64
		{84B09243-B9B8-41CF-949E-7F519CC817DD}.Release|x86.ActiveCfg = Release|Win32
		{84B09243-B9B8-41CF-949E-7F519CC817DD}.Release|x86.Build.0 = Release|Win32
		{ADB63050-0D45-4FFD-BF92-74C0F009D010}.Debug|x64.ActiveCfg = Debug|x64
		{ADB63050-0D45-4FFD-BF92-74C0F009D010}.Debug|x64.Build.0 = Debug|x64
		{ADB63050-0D45-4FFD-BF92-74C0F009D010}.Debug|x86.ActiveCfg = Debug|Win32
		{ADB63050-0D45-4FFD-BF92-74C0F009D010}.Debug|x86.Build.0 = Debug|Win32
		{ADB63050-0D45-4FFD-BF92-74C0F009D010}.Release|x64.ActiveCfg = Release|x64
		{ADB63050-0D45-4FFD-BF92-74C0F009D010}.Release|x64.Build.0 = Release|x64
		{ADB63050-0D45-4FFD-BF92-74C0F009D010}.Release|x86.ActiveCfg = Release|Win32
		{ADB63050-0D45-4FFD-BF92-74C0F009D010}.Release|x86.Build.0 = Release|Win32
		{075946BB-00F3-4BDE-BCF2-9B9A5803D085}.Debug|x64.ActiveCfg = Debug|x64
		{075946BB-00F3-4BDE-BCF2-9B9A5803D085}.Debug|x64.Build.0 = Debug|x64
		{075946BB-00F3-4BDE-BCF2-9B9A5803D085}.Debug|x86.ActiveCfg = Debug|Win32
		{075946BB-00F3-4BDE-BCF2-9B9A5803D085}.Debug|x86.Build.0 = Debug|Win32
		{075946BB-00F3-4BDE-BCF2-9B9A5803D085}.Release|x64.ActiveCfg = Release|x64
		{075946BB-00F3-4BDE-BCF2-9B9A5803D085}.Release|x64.Build.0 = Release|x64
		{075946BB-00F3-4BDE-BCF2-9B9A5803D085}.Release|x86.ActiveCfg = Release|Win32
		{075946BB-00F3-4BDE-BCF2-9B9A5803D085}.Release|x86.Build.0 = Release|Win32
		{9394D54A-793E-4F6F-887D-4CA71623891C}.Debug|x64.ActiveCfg = Debug|x64
		{9394D54A-793E-4F6F-887D-4CA71623891C}.Debug|x64.Build.0 = Debug|x64
		{9394D54A-793E-4F6F-887D-4CA71623891C}.Debug|x86.ActiveCfg = Debug|Win32
		{9394D54A-793E-4F6F-887D-4CA71623891C}.Debug|x86.Build.0 = Debug|Win32
		{9394D54A-793E-4F6F-887D-4CA71623891C}.Release|x64.ActiveCfg = Release|x64
		{9394D54A-793E-4F6F-887D-4CA71623891C}.Release|x64.Build.0 = Release|x64
		{9394D54A-793E-4F6F-887D-4CA71623891C}.Release|x86.ActiveCfg = Release|Win32
		{9394D54A-793E-4F6F-887D-4CA71623891C}.Release|x86.Build.0 = Release|Win32
		{9D7711A0-53AD-40EA-A390-845715DDE024}.Debug|x64.ActiveCfg = Debug|x64
		{9D7711A0-53AD-40EA-A390-845715DDE024}.Debug|x64.Build.0 = Debug|x64
		{9D7711A0-53AD-40EA-A390-845715DDE024}.Debug|x86.ActiveCfg = Debug|Win32
		{9D7711A0-53AD-40EA-A390-845715DDE024}.Debug|x86.Build.0 = Debug|Win32
		{9D7711A0-53AD-40EA-A390-845715DDE024}.Release|x64.ActiveCfg = Release|x64
		{9D7711A0-53AD-40EA-A390-845715DDE024}.Release|x64.Build.0 = Release|x64
		{9D7711A0-53AD-40EA-A390-845715DDE024}.Release|x86.ActiveCfg = Release|Win32
		{9D7711A0-53AD-40EA-A390-845715DDE024}.Release|x86.Build.0 = Release|Win32
		{EEACF823-7E7F-4D11-9421-61A600EDD89B}.Debug|x64.ActiveCfg = Debug|x64
		{EEACF823-7E7F-4D11-9421-61A600EDD89B}.Debug|x64.Build.0 = Debug|x64
		{EEACF823-7E7F-4D11-9421-61A600EDD89B}.Debug|x86.ActiveCfg = Debug|Win32
		{EEACF823-7E7F-4D11-9421-61A600EDD89B}.Debug|x86.Build.0 = Debug|Win32
		{EEACF823-7E7F-4D11-9421-61A600EDD89B}.Release|x64.ActiveCfg = Release|x64
		{EEACF823-7E7F-4D11-9421-61A600EDD89B}.Release|x64.Build.0 = Release|x64
		{EEACF823-7E7F-4D11-9421-61A600EDD89B}.Release|x86.ActiveCfg = Release|Win32
		{EEACF823-7E7F-4D11-9421-61A600EDD89B}.Release|x86.Build.0 = Release|Win32
		{BCEB677D-6A4C-495D-9F13-FB58E31A5CC1}.Debug|x64.ActiveCfg = Debug|x64
		{BCEB677D-6A4C-495D-9F13-FB58E31A5CC1}.Debug|x64.Build.0 = Debug|x64
		{BCEB677D-6A4C-495D-9F13-FB58E31A5CC1}.Debug|x86.ActiveCfg = Debug|Win32
		{BCEB677D-6A4C-495D-9F13-FB58E31A5CC1}.Debug|x86.Build.0 = Debug|Win32
		{BCEB677D-6A4C-495D-9F13-FB58E31A5CC1}.Release|x64.ActiveCfg = Release|x64
		{BCEB677D-6A4C-495D-9F13-FB58E31A5CC1}.Release|x64.Build.0 = Release|x64
		{BCEB677D-6A4C-495D-9F13-FB58E31A5CC1}.Release|x86.ActiveCfg = Release|Win32
		{BCEB677D-6A4C-495D-9F13-FB58E31A5CC1}.Release|x86.Build.0 = Release|Win32
		{61EB00CF-CA4B-4460-BB88-A50C6027FC8B}.Debug|x64.ActiveCfg = Debug|x64
		{61EB00CF-CA4B-4460-BB88-A50C6027FC8B}.Debug|x64.Build.0 = Debug|x64
		{61EB00CF-CA4B-4460-BB88-A50C6027FC8B}.Debug|x86.ActiveCfg = Debug|Win32
		{61EB00CF-CA4B-4460-BB88-A50C6027FC8B}.Debug|x86.Build.0 = Debug|Win32
		{61EB00CF-CA4B-4460-BB88-A50C6027FC8B}.Release|x64.ActiveCfg = Release|x64
		{61EB00CF-CA4B-4460-BB88-A50C6027FC8B}.Release|x64.Build.0 = Release|x64
		{61EB00CF-CA4B-4460-BB88-A50C6027FC8B}.Release|x86.ActiveCfg = Release|Win32
		{61EB00CF-CA4B-4460-BB88-A50C6027FC8B}.Release|x86.Build.0 = Release|Win32
	EndGlobalSection
	GlobalSection(SolutionProperties) = preSolution
		HideSolutionNode = FALSE
	EndGlobalSection
	GlobalSection(ExtensibilityGlobals) = postSolution
		SolutionGuid = {05A9C335-A169-46E2-AD0D-7049A406474F}
	EndGlobalSection
EndGlobal
