
Microsoft Visual Studio Solution File, Format Version 12.00
# Visual Studio Version 16
VisualStudioVersion = 16.0.30907.101
MinimumVisualStudioVersion = 10.0.40219.1
Project("{8BC9CEB8-8B4A-11D0-8D11-00A0C91BC942}") = "1_Programmieraufgabe", "1_Programmieraufgabe.vcxproj", "{FA3E83CA-74F8-4ED2-8E27-ED6A4262A6BE}"
EndProject
Global
	GlobalSection(SolutionConfigurationPlatforms) = preSolution
		Debug|x64 = Debug|x64
		Debug|x86 = Debug|x86
		Release|x64 = Release|x64
		Release|x86 = Release|x86
	EndGlobalSection
	GlobalSection(ProjectConfigurationPlatforms) = postSolution
		{FA3E83CA-74F8-4ED2-8E27-ED6A4262A6BE}.Debug|x64.ActiveCfg = Debug|x64
		{FA3E83CA-74F8-4ED2-8E27-ED6A4262A6BE}.Debug|x64.Build.0 = Debug|x64
		{FA3E83CA-74F8-4ED2-8E27-ED6A4262A6BE}.Debug|x86.ActiveCfg = Debug|Win32
		{FA3E83CA-74F8-4ED2-8E27-ED6A4262A6BE}.Debug|x86.Build.0 = Debug|Win32
		{FA3E83CA-74F8-4ED2-8E27-ED6A4262A6BE}.Release|x64.ActiveCfg = Release|x64
		{FA3E83CA-74F8-4ED2-8E27-ED6A4262A6BE}.Release|x64.Build.0 = Release|x64
		{FA3E83CA-74F8-4ED2-8E27-ED6A4262A6BE}.Release|x86.ActiveCfg = Release|Win32
		{FA3E83CA-74F8-4ED2-8E27-ED6A4262A6BE}.Release|x86.Build.0 = Release|Win32
	EndGlobalSection
	GlobalSection(SolutionProperties) = preSolution
		HideSolutionNode = FALSE
	EndGlobalSection
	GlobalSection(ExtensibilityGlobals) = postSolution
		SolutionGuid = {D19B259C-D43E-4A22-92A6-8C1B157663E3}
	EndGlobalSection
EndGlobal
